Microsoft Visual Studio Solution File, Format Version 12.00
# Visual Studio 2012
Project("{FAE04EC0-301F-11D3-BF4B-00C04F79EFBC}") = "Ship Management Sim", "Ship Management Sim.csproj", "{779596CC-F4D5-4EA2-8928-138405932BBF}"
EndProject
Global
	GlobalSection(SolutionConfigurationPlatforms) = preSolution
	Debug|Any CPU = Debug|Any CPU
	ExportDebug|Any CPU = ExportDebug|Any CPU
	ExportRelease|Any CPU = ExportRelease|Any CPU
	EndGlobalSection
	GlobalSection(ProjectConfigurationPlatforms) = postSolution
		{779596CC-F4D5-4EA2-8928-138405932BBF}.Debug|Any CPU.ActiveCfg = Debug|Any CPU
		{779596CC-F4D5-4EA2-8928-138405932BBF}.Debug|Any CPU.Build.0 = Debug|Any CPU
		{779596CC-F4D5-4EA2-8928-138405932BBF}.ExportDebug|Any CPU.ActiveCfg = ExportDebug|Any CPU
		{779596CC-F4D5-4EA2-8928-138405932BBF}.ExportDebug|Any CPU.Build.0 = ExportDebug|Any CPU
		{779596CC-F4D5-4EA2-8928-138405932BBF}.ExportRelease|Any CPU.ActiveCfg = ExportRelease|Any CPU
		{779596CC-F4D5-4EA2-8928-138405932BBF}.ExportRelease|Any CPU.Build.0 = ExportRelease|Any CPU
	EndGlobalSection
EndGlobal
